
Microsoft Visual Studio Solution File, Format Version 12.00
# Visual Studio Version 17
VisualStudioVersion = 17.8.34525.116
MinimumVisualStudioVersion = 10.0.40219.1
Project("{8BC9CEB8-8B4A-11D0-8D11-00A0C91BC942}") = "Bundle_Teme", "Bundle_Teme\Bundle_Teme.vcxproj", "{81393084-99C9-4225-9C04-30C4DD67403E}"
EndProject
Global
	GlobalSection(SolutionConfigurationPlatforms) = preSolution
		Debug|x64 = Debug|x64
		Debug|x86 = Debug|x86
		Release|x64 = Release|x64
		Release|x86 = Release|x86
	EndGlobalSection
	GlobalSection(ProjectConfigurationPlatforms) = postSolution
		{81393084-99C9-4225-9C04-30C4DD67403E}.Debug|x64.ActiveCfg = Debug|x64
		{81393084-99C9-4225-9C04-30C4DD67403E}.Debug|x64.Build.0 = Debug|x64
		{81393084-99C9-4225-9C04-30C4DD67403E}.Debug|x86.ActiveCfg = Debug|Win32
		{81393084-99C9-4225-9C04-30C4DD67403E}.Debug|x86.Build.0 = Debug|Win32
		{81393084-99C9-4225-9C04-30C4DD67403E}.Release|x64.ActiveCfg = Release|x64
		{81393084-99C9-4225-9C04-30C4DD67403E}.Release|x64.Build.0 = Release|x64
		{81393084-99C9-4225-9C04-30C4DD67403E}.Release|x86.ActiveCfg = Release|Win32
		{81393084-99C9-4225-9C04-30C4DD67403E}.Release|x86.Build.0 = Release|Win32
	EndGlobalSection
	GlobalSection(SolutionProperties) = preSolution
		HideSolutionNode = FALSE
	EndGlobalSection
	GlobalSection(ExtensibilityGlobals) = postSolution
		SolutionGuid = {5312E9F8-7949-44F8-AD93-0ED94048F326}
	EndGlobalSection
EndGlobal
